
Microsoft Visual Studio Solution File, Format Version 12.00
# Visual Studio Version 17
VisualStudioVersion = 17.12.35527.113 d17.12
MinimumVisualStudioVersion = 10.0.40219.1
Project("{FAE04EC0-301F-11D3-BF4B-00C04F79EFBC}") = "Stdapi", "Stdapi\Stdapi.csproj", "{7E4C2213-B613-444F-A1C9-400710571193}"
EndProject
Project("{FAE04EC0-301F-11D3-BF4B-00C04F79EFBC}") = "StdapiTests", "StdapiTests\StdapiTests.csproj", "{8C56CF8B-805F-43DD-93F2-30FDE0180770}"
EndProject
Global
	GlobalSection(SolutionConfigurationPlatforms) = preSolution
		Debug|Any CPU = Debug|Any CPU
		Release|Any CPU = Release|Any CPU
	EndGlobalSection
	GlobalSection(ProjectConfigurationPlatforms) = postSolution
		{7E4C2213-B613-444F-A1C9-400710571193}.Debug|Any CPU.ActiveCfg = Debug|Any CPU
		{7E4C2213-B613-444F-A1C9-400710571193}.Debug|Any CPU.Build.0 = Debug|Any CPU
		{7E4C2213-B613-444F-A1C9-400710571193}.Release|Any CPU.ActiveCfg = Release|Any CPU
		{7E4C2213-B613-444F-A1C9-400710571193}.Release|Any CPU.Build.0 = Release|Any CPU
		{8C56CF8B-805F-43DD-93F2-30FDE0180770}.Debug|Any CPU.ActiveCfg = Debug|Any CPU
		{8C56CF8B-805F-43DD-93F2-30FDE0180770}.Debug|Any CPU.Build.0 = Debug|Any CPU
		{8C56CF8B-805F-43DD-93F2-30FDE0180770}.Release|Any CPU.ActiveCfg = Release|Any CPU
		{8C56CF8B-805F-43DD-93F2-30FDE0180770}.Release|Any CPU.Build.0 = Release|Any CPU
	EndGlobalSection
	GlobalSection(SolutionProperties) = preSolution
		HideSolutionNode = FALSE
	EndGlobalSection
EndGlobal
